
Microsoft Visual Studio Solution File, Format Version 12.00
# Visual Studio Version 17
VisualStudioVersion = 17.5.33414.496
MinimumVisualStudioVersion = 10.0.40219.1
Project("{9A19103F-16F7-4668-BE54-9A1E7A4F7556}") = "ConsumeAPIExample", "ConsumeAPIExample.csproj", "{91F65625-1E82-47E2-86E6-AC26F1B107AE}"
EndProject
Project("{FAE04EC0-301F-11D3-BF4B-00C04F79EFBC}") = "ConsumeAPIExample.UnitTest", "..\ConsumeAPIExample.UnitTest\ConsumeAPIExample.UnitTest.csproj", "{FAF53563-4D78-4821-B54E-98B770DC092D}"
EndProject
Global
	GlobalSection(SolutionConfigurationPlatforms) = preSolution
		Debug|Any CPU = Debug|Any CPU
		Release|Any CPU = Release|Any CPU
	EndGlobalSection
	GlobalSection(ProjectConfigurationPlatforms) = postSolution
		{91F65625-1E82-47E2-86E6-AC26F1B107AE}.Debug|Any CPU.ActiveCfg = Debug|Any CPU
		{91F65625-1E82-47E2-86E6-AC26F1B107AE}.Debug|Any CPU.Build.0 = Debug|Any CPU
		{91F65625-1E82-47E2-86E6-AC26F1B107AE}.Release|Any CPU.ActiveCfg = Release|Any CPU
		{91F65625-1E82-47E2-86E6-AC26F1B107AE}.Release|Any CPU.Build.0 = Release|Any CPU
		{FAF53563-4D78-4821-B54E-98B770DC092D}.Debug|Any CPU.ActiveCfg = Debug|Any CPU
		{FAF53563-4D78-4821-B54E-98B770DC092D}.Debug|Any CPU.Build.0 = Debug|Any CPU
		{FAF53563-4D78-4821-B54E-98B770DC092D}.Release|Any CPU.ActiveCfg = Release|Any CPU
		{FAF53563-4D78-4821-B54E-98B770DC092D}.Release|Any CPU.Build.0 = Release|Any CPU
	EndGlobalSection
	GlobalSection(SolutionProperties) = preSolution
		HideSolutionNode = FALSE
	EndGlobalSection
	GlobalSection(ExtensibilityGlobals) = postSolution
		SolutionGuid = {5F3DCA34-4F66-40F7-850E-C8640790A0A4}
	EndGlobalSection
EndGlobal
